// !$*UTF8*$!
{
	archiveVersion = 1;
	classes = {
	};
	objectVersion = 46;
	objects = {

/* Begin PBXBuildFile section */
		2769682E192B87F9000D1886 /* Foundation.framework in Frameworks */ = {isa = PBXBuildFile; fileRef = 2769682D192B87F9000D1886 /* Foundation.framework */; };
		27696830192B87F9000D1886 /* CoreGraphics.framework in Frameworks */ = {isa = PBXBuildFile; fileRef = 2769682F192B87F9000D1886 /* CoreGraphics.framework */; };
		27696832192B87F9000D1886 /* UIKit.framework in Frameworks */ = {isa = PBXBuildFile; fileRef = 27696831192B87F9000D1886 /* UIKit.framework */; };
		27696838192B87F9000D1886 /* InfoPlist.strings in Resources */ = {isa = PBXBuildFile; fileRef = 27696836192B87F9000D1886 /* InfoPlist.strings */; };
		2769683A192B87F9000D1886 /* main.m in Sources */ = {isa = PBXBuildFile; fileRef = 27696839192B87F9000D1886 /* main.m */; };
		2769683E192B87F9000D1886 /* mclAppDelegate.m in Sources */ = {isa = PBXBuildFile; fileRef = 2769683D192B87F9000D1886 /* mclAppDelegate.m */; };
		27696841192B87F9000D1886 /* Main.storyboard in Resources */ = {isa = PBXBuildFile; fileRef = 2769683F192B87F9000D1886 /* Main.storyboard */; };
		27696844192B87F9000D1886 /* mclViewController.m in Sources */ = {isa = PBXBuildFile; fileRef = 27696843192B87F9000D1886 /* mclViewController.m */; };
		27696846192B87F9000D1886 /* Images.xcassets in Resources */ = {isa = PBXBuildFile; fileRef = 27696845192B87F9000D1886 /* Images.xcassets */; };
		2769684D192B87F9000D1886 /* XCTest.framework in Frameworks */ = {isa = PBXBuildFile; fileRef = 2769684C192B87F9000D1886 /* XCTest.framework */; };
		2769684E192B87FA000D1886 /* Foundation.framework in Frameworks */ = {isa = PBXBuildFile; fileRef = 2769682D192B87F9000D1886 /* Foundation.framework */; };
		2769684F192B87FA000D1886 /* UIKit.framework in Frameworks */ = {isa = PBXBuildFile; fileRef = 27696831192B87F9000D1886 /* UIKit.framework */; };
		27696857192B87FA000D1886 /* InfoPlist.strings in Resources */ = {isa = PBXBuildFile; fileRef = 27696855192B87FA000D1886 /* InfoPlist.strings */; };
		27696859192B87FA000D1886 /* iBeaconBroadcasterTests.m in Sources */ = {isa = PBXBuildFile; fileRef = 27696858192B87FA000D1886 /* iBeaconBroadcasterTests.m */; };
		27696863192B890B000D1886 /* CoreBluetooth.framework in Frameworks */ = {isa = PBXBuildFile; fileRef = 27696862192B890B000D1886 /* CoreBluetooth.framework */; };
		27696865192B8917000D1886 /* CoreLocation.framework in Frameworks */ = {isa = PBXBuildFile; fileRef = 27696864192B8917000D1886 /* CoreLocation.framework */; };
/* End PBXBuildFile section */

/* Begin PBXContainerItemProxy section */
		27696850192B87FA000D1886 /* PBXContainerItemProxy */ = {
			isa = PBXContainerItemProxy;
			containerPortal = 27696822192B87F9000D1886 /* Project object */;
			proxyType = 1;
			remoteGlobalIDString = 27696829192B87F9000D1886;
			remoteInfo = iBeaconBroadcaster;
		};
/* End PBXContainerItemProxy section */

/* Begin PBXFileReference section */
		2769682A192B87F9000D1886 /* iBeaconBroadcaster.app */ = {isa = PBXFileReference; explicitFileType = wrapper.application; includeInIndex = 0; path = iBeaconBroadcaster.app; sourceTree = BUILT_PRODUCTS_DIR; };
		2769682D192B87F9000D1886 /* Foundation.framework */ = {isa = PBXFileReference; lastKnownFileType = wrapper.framework; name = Foundation.framework; path = System/Library/Frameworks/Foundation.framework; sourceTree = SDKROOT; };
		2769682F192B87F9000D1886 /* CoreGraphics.framework */ = {isa = PBXFileReference; lastKnownFileType = wrapper.framework; name = CoreGraphics.framework; path = System/Library/Frameworks/CoreGraphics.framework; sourceTree = SDKROOT; };
		27696831192B87F9000D1886 /* UIKit.framework */ = {isa = PBXFileReference; lastKnownFileType = wrapper.framework; name = UIKit.framework; path = System/Library/Frameworks/UIKit.framework; sourceTree = SDKROOT; };
		27696835192B87F9000D1886 /* iBeaconBroadcaster-Info.plist */ = {isa = PBXFileReference; lastKnownFileType = text.plist.xml; path = "iBeaconBroadcaster-Info.plist"; sourceTree = "<group>"; };
		27696837192B87F9000D1886 /* en */ = {isa = PBXFileReference; lastKnownFileType = text.plist.strings; name = en; path = en.lproj/InfoPlist.strings; sourceTree = "<group>"; };
		27696839192B87F9000D1886 /* main.m */ = {isa = PBXFileReference; lastKnownFileType = sourcecode.c.objc; path = main.m; sourceTree = "<group>"; };
		2769683B192B87F9000D1886 /* iBeaconBroadcaster-Prefix.pch */ = {isa = PBXFileReference; lastKnownFileType = sourcecode.c.h; path = "iBeaconBroadcaster-Prefix.pch"; sourceTree = "<group>"; };
		2769683C192B87F9000D1886 /* mclAppDelegate.h */ = {isa = PBXFileReference; lastKnownFileType = sourcecode.c.h; path = mclAppDelegate.h; sourceTree = "<group>"; };
		2769683D192B87F9000D1886 /* mclAppDelegate.m */ = {isa = PBXFileReference; lastKnownFileType = sourcecode.c.objc; path = mclAppDelegate.m; sourceTree = "<group>"; };
		27696840192B87F9000D1886 /* Base */ = {isa = PBXFileReference; lastKnownFileType = file.storyboard; name = Base; path = Base.lproj/Main.storyboard; sourceTree = "<group>"; };
		27696842192B87F9000D1886 /* mclViewController.h */ = {isa = PBXFileReference; lastKnownFileType = sourcecode.c.h; path = mclViewController.h; sourceTree = "<group>"; };
		27696843192B87F9000D1886 /* mclViewController.m */ = {isa = PBXFileReference; lastKnownFileType = sourcecode.c.objc; path = mclViewController.m; sourceTree = "<group>"; };
		27696845192B87F9000D1886 /* Images.xcassets */ = {isa = PBXFileReference; lastKnownFileType = folder.assetcatalog; path = Images.xcassets; sourceTree = "<group>"; };
		2769684B192B87F9000D1886 /* iBeaconBroadcasterTests.xctest */ = {isa = PBXFileReference; explicitFileType = wrapper.cfbundle; includeInIndex = 0; path = iBeaconBroadcasterTests.xctest; sourceTree = BUILT_PRODUCTS_DIR; };
		2769684C192B87F9000D1886 /* XCTest.framework */ = {isa = PBXFileReference; lastKnownFileType = wrapper.framework; name = XCTest.framework; path = Library/Frameworks/XCTest.framework; sourceTree = DEVELOPER_DIR; };
		27696854192B87FA000D1886 /* iBeaconBroadcasterTests-Info.plist */ = {isa = PBXFileReference; lastKnownFileType = text.plist.xml; path = "iBeaconBroadcasterTests-Info.plist"; sourceTree = "<group>"; };
		27696856192B87FA000D1886 /* en */ = {isa = PBXFileReference; lastKnownFileType = text.plist.strings; name = en; path = en.lproj/InfoPlist.strings; sourceTree = "<group>"; };
		27696858192B87FA000D1886 /* iBeaconBroadcasterTests.m */ = {isa = PBXFileReference; lastKnownFileType = sourcecode.c.objc; path = iBeaconBroadcasterTests.m; sourceTree = "<group>"; };
		27696862192B890B000D1886 /* CoreBluetooth.framework */ = {isa = PBXFileReference; lastKnownFileType = wrapper.framework; name = CoreBluetooth.framework; path = System/Library/Frameworks/CoreBluetooth.framework; sourceTree = SDKROOT; };
		27696864192B8917000D1886 /* CoreLocation.framework */ = {isa = PBXFileReference; lastKnownFileType = wrapper.framework; name = CoreLocation.framework; path = System/Library/Frameworks/CoreLocation.framework; sourceTree = SDKROOT; };
/* End PBXFileReference section */

/* Begin PBXFrameworksBuildPhase section */
		27696827192B87F9000D1886 /* Frameworks */ = {
			isa = PBXFrameworksBuildPhase;
			buildActionMask = 2147483647;
			files = (
				27696865192B8917000D1886 /* CoreLocation.framework in Frameworks */,
				27696863192B890B000D1886 /* CoreBluetooth.framework in Frameworks */,
				27696830192B87F9000D1886 /* CoreGraphics.framework in Frameworks */,
				27696832192B87F9000D1886 /* UIKit.framework in Frameworks */,
				2769682E192B87F9000D1886 /* Foundation.framework in Frameworks */,
			);
			runOnlyForDeploymentPostprocessing = 0;
		};
		27696848192B87F9000D1886 /* Frameworks */ = {
			isa = PBXFrameworksBuildPhase;
			buildActionMask = 2147483647;
			files = (
				2769684D192B87F9000D1886 /* XCTest.framework in Frameworks */,
				2769684F192B87FA000D1886 /* UIKit.framework in Frameworks */,
				2769684E192B87FA000D1886 /* Foundation.framework in Frameworks */,
			);
			runOnlyForDeploymentPostprocessing = 0;
		};
/* End PBXFrameworksBuildPhase section */

/* Begin PBXGroup section */
		27696821192B87F9000D1886 = {
			isa = PBXGroup;
			children = (
				27696833192B87F9000D1886 /* iBeaconBroadcaster */,
				27696852192B87FA000D1886 /* iBeaconBroadcasterTests */,
				2769682C192B87F9000D1886 /* Frameworks */,
				2769682B192B87F9000D1886 /* Products */,
			);
			sourceTree = "<group>";
		};
		2769682B192B87F9000D1886 /* Products */ = {
			isa = PBXGroup;
			children = (
				2769682A192B87F9000D1886 /* iBeaconBroadcaster.app */,
				2769684B192B87F9000D1886 /* iBeaconBroadcasterTests.xctest */,
			);
			name = Products;
			sourceTree = "<group>";
		};
		2769682C192B87F9000D1886 /* Frameworks */ = {
			isa = PBXGroup;
			children = (
				27696864192B8917000D1886 /* CoreLocation.framework */,
				27696862192B890B000D1886 /* CoreBluetooth.framework */,
				2769682D192B87F9000D1886 /* Foundation.framework */,
				2769682F192B87F9000D1886 /* CoreGraphics.framework */,
				27696831192B87F9000D1886 /* UIKit.framework */,
				2769684C192B87F9000D1886 /* XCTest.framework */,
			);
			name = Frameworks;
			sourceTree = "<group>";
		};
		27696833192B87F9000D1886 /* iBeaconBroadcaster */ = {
			isa = PBXGroup;
			children = (
				2769683C192B87F9000D1886 /* mclAppDelegate.h */,
				2769683D192B87F9000D1886 /* mclAppDelegate.m */,
				2769683F192B87F9000D1886 /* Main.storyboard */,
				27696842192B87F9000D1886 /* mclViewController.h */,
				27696843192B87F9000D1886 /* mclViewController.m */,
				27696845192B87F9000D1886 /* Images.xcassets */,
				27696834192B87F9000D1886 /* Supporting Files */,
			);
			path = iBeaconBroadcaster;
			sourceTree = "<group>";
		};
		27696834192B87F9000D1886 /* Supporting Files */ = {
			isa = PBXGroup;
			children = (
				27696835192B87F9000D1886 /* iBeaconBroadcaster-Info.plist */,
				27696836192B87F9000D1886 /* InfoPlist.strings */,
				27696839192B87F9000D1886 /* main.m */,
				2769683B192B87F9000D1886 /* iBeaconBroadcaster-Prefix.pch */,
			);
			name = "Supporting Files";
			sourceTree = "<group>";
		};
		27696852192B87FA000D1886 /* iBeaconBroadcasterTests */ = {
			isa = PBXGroup;
			children = (
				27696858192B87FA000D1886 /* iBeaconBroadcasterTests.m */,
				27696853192B87FA000D1886 /* Supporting Files */,
			);
			path = iBeaconBroadcasterTests;
			sourceTree = "<group>";
		};
		27696853192B87FA000D1886 /* Supporting Files */ = {
			isa = PBXGroup;
			children = (
				27696854192B87FA000D1886 /* iBeaconBroadcasterTests-Info.plist */,
				27696855192B87FA000D1886 /* InfoPlist.strings */,
			);
			name = "Supporting Files";
			sourceTree = "<group>";
		};
/* End PBXGroup section */

/* Begin PBXNativeTarget section */
		27696829192B87F9000D1886 /* iBeaconBroadcaster */ = {
			isa = PBXNativeTarget;
			buildConfigurationList = 2769685C192B87FA000D1886 /* Build configuration list for PBXNativeTarget "iBeaconBroadcaster" */;
			buildPhases = (
				27696826192B87F9000D1886 /* Sources */,
				27696827192B87F9000D1886 /* Frameworks */,
				27696828192B87F9000D1886 /* Resources */,
			);
			buildRules = (
			);
			dependencies = (
			);
			name = iBeaconBroadcaster;
			productName = iBeaconBroadcaster;
			productReference = 2769682A192B87F9000D1886 /* iBeaconBroadcaster.app */;
			productType = "com.apple.product-type.application";
		};
		2769684A192B87F9000D1886 /* iBeaconBroadcasterTests */ = {
			isa = PBXNativeTarget;
			buildConfigurationList = 2769685F192B87FA000D1886 /* Build configuration list for PBXNativeTarget "iBeaconBroadcasterTests" */;
			buildPhases = (
				27696847192B87F9000D1886 /* Sources */,
				27696848192B87F9000D1886 /* Frameworks */,
				27696849192B87F9000D1886 /* Resources */,
			);
			buildRules = (
			);
			dependencies = (
				27696851192B87FA000D1886 /* PBXTargetDependency */,
			);
			name = iBeaconBroadcasterTests;
			productName = iBeaconBroadcasterTests;
			productReference = 2769684B192B87F9000D1886 /* iBeaconBroadcasterTests.xctest */;
			productType = "com.apple.product-type.bundle.unit-test";
		};
/* End PBXNativeTarget section */

/* Begin PBXProject section */
		27696822192B87F9000D1886 /* Project object */ = {
			isa = PBXProject;
			attributes = {
				CLASSPREFIX = mcl;
				LastUpgradeCheck = 0510;
				ORGANIZATIONNAME = "Mckenna Consultants";
				TargetAttributes = {
					27696829192B87F9000D1886 = {
						DevelopmentTeam = 876VTWY8S5;
					};
					2769684A192B87F9000D1886 = {
						TestTargetID = 27696829192B87F9000D1886;
					};
				};
			};
			buildConfigurationList = 27696825192B87F9000D1886 /* Build configuration list for PBXProject "iBeaconBroadcaster" */;
			compatibilityVersion = "Xcode 3.2";
			developmentRegion = English;
			hasScannedForEncodings = 0;
			knownRegions = (
				en,
				Base,
			);
			mainGroup = 27696821192B87F9000D1886;
			productRefGroup = 2769682B192B87F9000D1886 /* Products */;
			projectDirPath = "";
			projectRoot = "";
			targets = (
				27696829192B87F9000D1886 /* iBeaconBroadcaster */,
				2769684A192B87F9000D1886 /* iBeaconBroadcasterTests */,
			);
		};
/* End PBXProject section */

/* Begin PBXResourcesBuildPhase section */
		27696828192B87F9000D1886 /* Resources */ = {
			isa = PBXResourcesBuildPhase;
			buildActionMask = 2147483647;
			files = (
				27696846192B87F9000D1886 /* Images.xcassets in Resources */,
				27696838192B87F9000D1886 /* InfoPlist.strings in Resources */,
				27696841192B87F9000D1886 /* Main.storyboard in Resources */,
			);
			runOnlyForDeploymentPostprocessing = 0;
		};
		27696849192B87F9000D1886 /* Resources */ = {
			isa = PBXResourcesBuildPhase;
			buildActionMask = 2147483647;
			files = (
				27696857192B87FA000D1886 /* InfoPlist.strings in Resources */,
			);
			runOnlyForDeploymentPostprocessing = 0;
		};
/* End PBXResourcesBuildPhase section */

/* Begin PBXSourcesBuildPhase section */
		27696826192B87F9000D1886 /* Sources */ = {
			isa = PBXSourcesBuildPhase;
			buildActionMask = 2147483647;
			files = (
				27696844192B87F9000D1886 /* mclViewController.m in Sources */,
				2769683A192B87F9000D1886 /* main.m in Sources */,
				2769683E192B87F9000D1886 /* mclAppDelegate.m in Sources */,
			);
			runOnlyForDeploymentPostprocessing = 0;
		};
		27696847192B87F9000D1886 /* Sources */ = {
			isa = PBXSourcesBuildPhase;
			buildActionMask = 2147483647;
			files = (
				27696859192B87FA000D1886 /* iBeaconBroadcasterTests.m in Sources */,
			);
			runOnlyForDeploymentPostprocessing = 0;
		};
/* End PBXSourcesBuildPhase section */

/* Begin PBXTargetDependency section */
		27696851192B87FA000D1886 /* PBXTargetDependency */ = {
			isa = PBXTargetDependency;
			target = 27696829192B87F9000D1886 /* iBeaconBroadcaster */;
			targetProxy = 27696850192B87FA000D1886 /* PBXContainerItemProxy */;
		};
/* End PBXTargetDependency section */

/* Begin PBXVariantGroup section */
		27696836192B87F9000D1886 /* InfoPlist.strings */ = {
			isa = PBXVariantGroup;
			children = (
				27696837192B87F9000D1886 /* en */,
			);
			name = InfoPlist.strings;
			sourceTree = "<group>";
		};
		2769683F192B87F9000D1886 /* Main.storyboard */ = {
			isa = PBXVariantGroup;
			children = (
				27696840192B87F9000D1886 /* Base */,
			);
			name = Main.storyboard;
			sourceTree = "<group>";
		};
		27696855192B87FA000D1886 /* InfoPlist.strings */ = {
			isa = PBXVariantGroup;
			children = (
				27696856192B87FA000D1886 /* en */,
			);
			name = InfoPlist.strings;
			sourceTree = "<group>";
		};
/* End PBXVariantGroup section */

/* Begin XCBuildConfiguration section */
		2769685A192B87FA000D1886 /* Debug */ = {
			isa = XCBuildConfiguration;
			buildSettings = {
				ALWAYS_SEARCH_USER_PATHS = NO;
				CLANG_CXX_LANGUAGE_STANDARD = "gnu++0x";
				CLANG_CXX_LIBRARY = "libc++";
				CLANG_ENABLE_MODULES = YES;
				CLANG_ENABLE_OBJC_ARC = YES;
				CLANG_WARN_BOOL_CONVERSION = YES;
				CLANG_WARN_CONSTANT_CONVERSION = YES;
				CLANG_WARN_DIRECT_OBJC_ISA_USAGE = YES_ERROR;
				CLANG_WARN_EMPTY_BODY = YES;
				CLANG_WARN_ENUM_CONVERSION = YES;
				CLANG_WARN_INT_CONVERSION = YES;
				CLANG_WARN_OBJC_ROOT_CLASS = YES_ERROR;
				CLANG_WARN__DUPLICATE_METHOD_MATCH = YES;
				CODE_SIGN_IDENTITY = "";
				"CODE_SIGN_IDENTITY[sdk=iphoneos*]" = "";
				COPY_PHASE_STRIP = NO;
				GCC_C_LANGUAGE_STANDARD = gnu99;
				GCC_DYNAMIC_NO_PIC = NO;
				GCC_OPTIMIZATION_LEVEL = 0;
				GCC_PREPROCESSOR_DEFINITIONS = (
					"DEBUG=1",
					"$(inherited)",
				);
				GCC_SYMBOLS_PRIVATE_EXTERN = NO;
				GCC_WARN_64_TO_32_BIT_CONVERSION = YES;
				GCC_WARN_ABOUT_RETURN_TYPE = YES_ERROR;
				GCC_WARN_UNDECLARED_SELECTOR = YES;
				GCC_WARN_UNINITIALIZED_AUTOS = YES_AGGRESSIVE;
				GCC_WARN_UNUSED_FUNCTION = YES;
				GCC_WARN_UNUSED_VARIABLE = YES;
				IPHONEOS_DEPLOYMENT_TARGET = 7.0;
				ONLY_ACTIVE_ARCH = YES;
				PROVISIONING_PROFILE = "4c661653-7a94-4280-85d6-6e0844d0fd70";
				SDKROOT = iphoneos;
				TARGETED_DEVICE_FAMILY = 2;
			};
			name = Debug;
		};
		2769685B192B87FA000D1886 /* Release */ = {
			isa = XCBuildConfiguration;
			buildSettings = {
				ALWAYS_SEARCH_USER_PATHS = NO;
				CLANG_CXX_LANGUAGE_STANDARD = "gnu++0x";
				CLANG_CXX_LIBRARY = "libc++";
				CLANG_ENABLE_MODULES = YES;
				CLANG_ENABLE_OBJC_ARC = YES;
				CLANG_WARN_BOOL_CONVERSION = YES;
				CLANG_WARN_CONSTANT_CONVERSION = YES;
				CLANG_WARN_DIRECT_OBJC_ISA_USAGE = YES_ERROR;
				CLANG_WARN_EMPTY_BODY = YES;
				CLANG_WARN_ENUM_CONVERSION = YES;
				CLANG_WARN_INT_CONVERSION = YES;
				CLANG_WARN_OBJC_ROOT_CLASS = YES_ERROR;
				CLANG_WARN__DUPLICATE_METHOD_MATCH = YES;
				CODE_SIGN_IDENTITY = "";
				"CODE_SIGN_IDENTITY[sdk=iphoneos*]" = "";
				COPY_PHASE_STRIP = YES;
				ENABLE_NS_ASSERTIONS = NO;
				GCC_C_LANGUAGE_STANDARD = gnu99;
				GCC_WARN_64_TO_32_BIT_CONVERSION = YES;
				GCC_WARN_ABOUT_RETURN_TYPE = YES_ERROR;
				GCC_WARN_UNDECLARED_SELECTOR = YES;
				GCC_WARN_UNINITIALIZED_AUTOS = YES_AGGRESSIVE;
				GCC_WARN_UNUSED_FUNCTION = YES;
				GCC_WARN_UNUSED_VARIABLE = YES;
				IPHONEOS_DEPLOYMENT_TARGET = 7.0;
				PROVISIONING_PROFILE = "4c661653-7a94-4280-85d6-6e0844d0fd70";
				SDKROOT = iphoneos;
				TARGETED_DEVICE_FAMILY = 2;
				VALIDATE_PRODUCT = YES;
			};
			name = Release;
		};
		2769685D192B87FA000D1886 /* Debug */ = {
			isa = XCBuildConfiguration;
			buildSettings = {
				ASSETCATALOG_COMPILER_APPICON_NAME = AppIcon;
				ASSETCATALOG_COMPILER_LAUNCHIMAGE_NAME = LaunchImage;
				CODE_SIGN_IDENTITY = "iPhone Developer";
				"CODE_SIGN_IDENTITY[sdk=iphoneos*]" = "iPhone Developer";
				GCC_PRECOMPILE_PREFIX_HEADER = YES;
				GCC_PREFIX_HEADER = "iBeaconBroadcaster/iBeaconBroadcaster-Prefix.pch";
				INFOPLIST_FILE = "iBeaconBroadcaster/iBeaconBroadcaster-Info.plist";
				PRODUCT_NAME = "$(TARGET_NAME)";
				PROVISIONING_PROFILE = "4c661653-7a94-4280-85d6-6e0844d0fd70";
				WRAPPER_EXTENSION = app;
			};
			name = Debug;
		};
		2769685E192B87FA000D1886 /* Release */ = {
			isa = XCBuildConfiguration;
			buildSettings = {
				ASSETCATALOG_COMPILER_APPICON_NAME = AppIcon;
				ASSETCATALOG_COMPILER_LAUNCHIMAGE_NAME = LaunchImage;
				CODE_SIGN_IDENTITY = "iPhone Developer";
				"CODE_SIGN_IDENTITY[sdk=iphoneos*]" = "iPhone Developer";
				GCC_PRECOMPILE_PREFIX_HEADER = YES;
				GCC_PREFIX_HEADER = "iBeaconBroadcaster/iBeaconBroadcaster-Prefix.pch";
				INFOPLIST_FILE = "iBeaconBroadcaster/iBeaconBroadcaster-Info.plist";
				PRODUCT_NAME = "$(TARGET_NAME)";
				PROVISIONING_PROFILE = "4c661653-7a94-4280-85d6-6e0844d0fd70";
				WRAPPER_EXTENSION = app;
			};
			name = Release;
		};
		27696860192B87FA000D1886 /* Debug */ = {
			isa = XCBuildConfiguration;
			buildSettings = {
				BUNDLE_LOADER = "$(BUILT_PRODUCTS_DIR)/iBeaconBroadcaster.app/iBeaconBroadcaster";
				FRAMEWORK_SEARCH_PATHS = (
					"$(SDKROOT)/Developer/Library/Frameworks",
					"$(inherited)",
					"$(DEVELOPER_FRAMEWORKS_DIR)",
				);
				GCC_PRECOMPILE_PREFIX_HEADER = YES;
				GCC_PREFIX_HEADER = "iBeaconBroadcaster/iBeaconBroadcaster-Prefix.pch";
				GCC_PREPROCESSOR_DEFINITIONS = (
					"DEBUG=1",
					"$(inherited)",
				);
				INFOPLIST_FILE = "iBeaconBroadcasterTests/iBeaconBroadcasterTests-Info.plist";
				PRODUCT_NAME = "$(TARGET_NAME)";
				TEST_HOST = "$(BUNDLE_LOADER)";
				WRAPPER_EXTENSION = xctest;
			};
			name = Debug;
		};
		27696861192B87FA000D1886 /* Release */ = {
			isa = XCBuildConfiguration;
			buildSettings = {
				BUNDLE_LOADER = "$(BUILT_PRODUCTS_DIR)/iBeaconBroadcaster.app/iBeaconBroadcaster";
				FRAMEWORK_SEARCH_PATHS = (
					"$(SDKROOT)/Developer/Library/Frameworks",
					"$(inherited)",
					"$(DEVELOPER_FRAMEWORKS_DIR)",
				);
				GCC_PRECOMPILE_PREFIX_HEADER = YES;
				GCC_PREFIX_HEADER = "iBeaconBroadcaster/iBeaconBroadcaster-Prefix.pch";
				INFOPLIST_FILE = "iBeaconBroadcasterTests/iBeaconBroadcasterTests-Info.plist";
				PRODUCT_NAME = "$(TARGET_NAME)";
				TEST_HOST = "$(BUNDLE_LOADER)";
				WRAPPER_EXTENSION = xctest;
			};
			name = Release;
		};
/* End XCBuildConfiguration section */

/* Begin XCConfigurationList section */
		27696825192B87F9000D1886 /* Build configuration list for PBXProject "iBeaconBroadcaster" */ = {
			isa = XCConfigurationList;
			buildConfigurations = (
				2769685A192B87FA000D1886 /* Debug */,
				2769685B192B87FA000D1886 /* Release */,
			);
			defaultConfigurationIsVisible = 0;
			defaultConfigurationName = Release;
		};
		2769685C192B87FA000D1886 /* Build configuration list for PBXNativeTarget "iBeaconBroadcaster" */ = {
			isa = XCConfigurationList;
			buildConfigurations = (
				2769685D192B87FA000D1886 /* Debug */,
				2769685E192B87FA000D1886 /* Release */,
			);
			defaultConfigurationIsVisible = 0;
			defaultConfigurationName = Release;
		};
		2769685F192B87FA000D1886 /* Build configuration list for PBXNativeTarget "iBeaconBroadcasterTests" */ = {
			isa = XCConfigurationList;
			buildConfigurations = (
				27696860192B87FA000D1886 /* Debug */,
				27696861192B87FA000D1886 /* Release */,
			);
			defaultConfigurationIsVisible = 0;
			defaultConfigurationName = Release;
		};
/* End XCConfigurationList section */
	};
	rootObject = 27696822192B87F9000D1886 /* Project object */;
}
